
Microsoft Visual Studio Solution File, Format Version 12.00
# Visual Studio Version 17
VisualStudioVersion = 17.7.34031.279
MinimumVisualStudioVersion = 10.0.40219.1
Project("{9A19103F-16F7-4668-BE54-9A1E7A4F7556}") = "testWorkForSirius", "WpfApp1\testWorkForSirius.csproj", "{EEAE8434-A57E-4A6C-A832-E92A3DF8FC17}"
EndProject
Global
	GlobalSection(SolutionConfigurationPlatforms) = preSolution
		Debug|Any CPU = Debug|Any CPU
		Release|Any CPU = Release|Any CPU
	EndGlobalSection
	GlobalSection(ProjectConfigurationPlatforms) = postSolution
		{EEAE8434-A57E-4A6C-A832-E92A3DF8FC17}.Debug|Any CPU.ActiveCfg = Debug|Any CPU
		{EEAE8434-A57E-4A6C-A832-E92A3DF8FC17}.Debug|Any CPU.Build.0 = Debug|Any CPU
		{EEAE8434-A57E-4A6C-A832-E92A3DF8FC17}.Release|Any CPU.ActiveCfg = Release|Any CPU
		{EEAE8434-A57E-4A6C-A832-E92A3DF8FC17}.Release|Any CPU.Build.0 = Release|Any CPU
	EndGlobalSection
	GlobalSection(SolutionProperties) = preSolution
		HideSolutionNode = FALSE
	EndGlobalSection
	GlobalSection(ExtensibilityGlobals) = postSolution
		SolutionGuid = {CE72D296-0A9B-44EA-BAA8-CE20ACC8B929}
	EndGlobalSection
EndGlobal
